
Microsoft Visual Studio Solution File, Format Version 12.00
# Visual Studio 2017
Project("{FAE04EC0-301F-11D3-BF4B-00C04F79EFBC}") = "ARRebel", "ARRebel.csproj", "{36388C4B-3397-B378-0B1A-3C7DC6153D1A}"
EndProject
Project("{FAE04EC0-301F-11D3-BF4B-00C04F79EFBC}") = "ARRebel.Editor", "ARRebel.Editor.csproj", "{C2C47D7D-F99C-F4E4-460A-1BA522CA8CFF}"
EndProject
Global
	GlobalSection(SolutionConfigurationPlatforms) = preSolution
		Debug|Any CPU = Debug|Any CPU
		Release|Any CPU = Release|Any CPU
	EndGlobalSection
	GlobalSection(ProjectConfigurationPlatforms) = postSolution
		{36388C4B-3397-B378-0B1A-3C7DC6153D1A}.Debug|Any CPU.ActiveCfg = Debug|Any CPU
		{36388C4B-3397-B378-0B1A-3C7DC6153D1A}.Debug|Any CPU.Build.0 = Debug|Any CPU
		{36388C4B-3397-B378-0B1A-3C7DC6153D1A}.Release|Any CPU.ActiveCfg = Release|Any CPU
		{36388C4B-3397-B378-0B1A-3C7DC6153D1A}.Release|Any CPU.Build.0 = Release|Any CPU
		{C2C47D7D-F99C-F4E4-460A-1BA522CA8CFF}.Debug|Any CPU.ActiveCfg = Debug|Any CPU
		{C2C47D7D-F99C-F4E4-460A-1BA522CA8CFF}.Debug|Any CPU.Build.0 = Debug|Any CPU
		{C2C47D7D-F99C-F4E4-460A-1BA522CA8CFF}.Release|Any CPU.ActiveCfg = Release|Any CPU
		{C2C47D7D-F99C-F4E4-460A-1BA522CA8CFF}.Release|Any CPU.Build.0 = Release|Any CPU
	EndGlobalSection
	GlobalSection(SolutionProperties) = preSolution
		HideSolutionNode = FALSE
	EndGlobalSection
EndGlobal
